
Microsoft Visual Studio Solution File, Format Version 12.00
Project("{FAE04EC0-301F-11D3-BF4B-00C04F79EFBC}") = "InstructionDecodeCSharp", "InstructionDecodeCSharp\InstructionDecodeCSharp.csproj", "{C44FC233-7E3C-428E-B10D-78088FA4BA95}"
EndProject
Global
	GlobalSection(SolutionConfigurationPlatforms) = preSolution
		Debug|Any CPU = Debug|Any CPU
		Release|Any CPU = Release|Any CPU
	EndGlobalSection
	GlobalSection(ProjectConfigurationPlatforms) = postSolution
		{C44FC233-7E3C-428E-B10D-78088FA4BA95}.Debug|Any CPU.ActiveCfg = Debug|Any CPU
		{C44FC233-7E3C-428E-B10D-78088FA4BA95}.Debug|Any CPU.Build.0 = Debug|Any CPU
		{C44FC233-7E3C-428E-B10D-78088FA4BA95}.Release|Any CPU.ActiveCfg = Release|Any CPU
		{C44FC233-7E3C-428E-B10D-78088FA4BA95}.Release|Any CPU.Build.0 = Release|Any CPU
	EndGlobalSection
EndGlobal
